
Microsoft Visual Studio Solution File, Format Version 12.00
# Visual Studio 15
VisualStudioVersion = 15.0.28307.106
MinimumVisualStudioVersion = 10.0.40219.1
Project("{FAE04EC0-301F-11D3-BF4B-00C04F79EFBC}") = "Controlleur", "Controlleur\Controlleur.csproj", "{1D7F85DA-BB94-460B-AAA0-6637302237BE}"
EndProject
Project("{FAE04EC0-301F-11D3-BF4B-00C04F79EFBC}") = "Vue", "Vue\Vue.csproj", "{B2306F60-B701-4533-BDDB-DEA0593D3EB5}"
EndProject
Project("{FAE04EC0-301F-11D3-BF4B-00C04F79EFBC}") = "Modele", "Modele\Modele.csproj", "{9203D906-8962-4D6A-AB49-4385DA0DB459}"
EndProject
Project("{FAE04EC0-301F-11D3-BF4B-00C04F79EFBC}") = "Test", "Test\Test.csproj", "{FE5DCA02-74EF-4259-B74B-B407FA288C25}"
EndProject
Project("{FAE04EC0-301F-11D3-BF4B-00C04F79EFBC}") = "ConsoleApp1", "ConsoleApp1\ConsoleApp1.csproj", "{08F922ED-9D11-486E-A953-DC88093B2D53}"
EndProject
Global
	GlobalSection(SolutionConfigurationPlatforms) = preSolution
		Debug|Any CPU = Debug|Any CPU
		Release|Any CPU = Release|Any CPU
	EndGlobalSection
	GlobalSection(ProjectConfigurationPlatforms) = postSolution
		{1D7F85DA-BB94-460B-AAA0-6637302237BE}.Debug|Any CPU.ActiveCfg = Debug|Any CPU
		{1D7F85DA-BB94-460B-AAA0-6637302237BE}.Debug|Any CPU.Build.0 = Debug|Any CPU
		{1D7F85DA-BB94-460B-AAA0-6637302237BE}.Release|Any CPU.ActiveCfg = Release|Any CPU
		{1D7F85DA-BB94-460B-AAA0-6637302237BE}.Release|Any CPU.Build.0 = Release|Any CPU
		{B2306F60-B701-4533-BDDB-DEA0593D3EB5}.Debug|Any CPU.ActiveCfg = Debug|Any CPU
		{B2306F60-B701-4533-BDDB-DEA0593D3EB5}.Debug|Any CPU.Build.0 = Debug|Any CPU
		{B2306F60-B701-4533-BDDB-DEA0593D3EB5}.Release|Any CPU.ActiveCfg = Release|Any CPU
		{B2306F60-B701-4533-BDDB-DEA0593D3EB5}.Release|Any CPU.Build.0 = Release|Any CPU
		{9203D906-8962-4D6A-AB49-4385DA0DB459}.Debug|Any CPU.ActiveCfg = Debug|Any CPU
		{9203D906-8962-4D6A-AB49-4385DA0DB459}.Debug|Any CPU.Build.0 = Debug|Any CPU
		{9203D906-8962-4D6A-AB49-4385DA0DB459}.Release|Any CPU.ActiveCfg = Release|Any CPU
		{9203D906-8962-4D6A-AB49-4385DA0DB459}.Release|Any CPU.Build.0 = Release|Any CPU
		{FE5DCA02-74EF-4259-B74B-B407FA288C25}.Debug|Any CPU.ActiveCfg = Debug|Any CPU
		{FE5DCA02-74EF-4259-B74B-B407FA288C25}.Debug|Any CPU.Build.0 = Debug|Any CPU
		{FE5DCA02-74EF-4259-B74B-B407FA288C25}.Release|Any CPU.ActiveCfg = Release|Any CPU
		{FE5DCA02-74EF-4259-B74B-B407FA288C25}.Release|Any CPU.Build.0 = Release|Any CPU
		{08F922ED-9D11-486E-A953-DC88093B2D53}.Debug|Any CPU.ActiveCfg = Debug|Any CPU
		{08F922ED-9D11-486E-A953-DC88093B2D53}.Debug|Any CPU.Build.0 = Debug|Any CPU
		{08F922ED-9D11-486E-A953-DC88093B2D53}.Release|Any CPU.ActiveCfg = Release|Any CPU
		{08F922ED-9D11-486E-A953-DC88093B2D53}.Release|Any CPU.Build.0 = Release|Any CPU
	EndGlobalSection
	GlobalSection(SolutionProperties) = preSolution
		HideSolutionNode = FALSE
	EndGlobalSection
	GlobalSection(ExtensibilityGlobals) = postSolution
		SolutionGuid = {A59F2569-1E77-42F5-A651-6E217245906F}
	EndGlobalSection
EndGlobal
